
Microsoft Visual Studio Solution File, Format Version 12.00
# Visual Studio Version 17
VisualStudioVersion = 17.9.34728.123
MinimumVisualStudioVersion = 10.0.40219.1
Project("{9A19103F-16F7-4668-BE54-9A1E7A4F7556}") = "KoshelokTestTaskClient", "KoshelokTestTaskClient\KoshelokTestTaskClient.csproj", "{075B577E-8F7E-4390-8B1E-3B0FE3444713}"
EndProject
Global
	GlobalSection(SolutionConfigurationPlatforms) = preSolution
		Debug|Any CPU = Debug|Any CPU
		Release|Any CPU = Release|Any CPU
	EndGlobalSection
	GlobalSection(ProjectConfigurationPlatforms) = postSolution
		{075B577E-8F7E-4390-8B1E-3B0FE3444713}.Debug|Any CPU.ActiveCfg = Debug|Any CPU
		{075B577E-8F7E-4390-8B1E-3B0FE3444713}.Debug|Any CPU.Build.0 = Debug|Any CPU
		{075B577E-8F7E-4390-8B1E-3B0FE3444713}.Release|Any CPU.ActiveCfg = Release|Any CPU
		{075B577E-8F7E-4390-8B1E-3B0FE3444713}.Release|Any CPU.Build.0 = Release|Any CPU
	EndGlobalSection
	GlobalSection(SolutionProperties) = preSolution
		HideSolutionNode = FALSE
	EndGlobalSection
	GlobalSection(ExtensibilityGlobals) = postSolution
		SolutionGuid = {8E84173F-F0A5-4F82-A566-B806BAFE87F7}
	EndGlobalSection
EndGlobal
